PODS:
  - Buglife (2.8.1)
  - Reveal-SDK (17)
  - VisualEffectView (3.0.2)

DEPENDENCIES:
  - Buglife
  - Reveal-SDK
  - VisualEffectView

SPEC REPOS:
  https://github.com/cocoapods/specs.git:
    - Buglife
    - Reveal-SDK
    - VisualEffectView

SPEC CHECKSUMS:
  Buglife: cbf83ab8a0e203a76ee640b24c2e3c3cae9f2c8a
  Reveal-SDK: a6df49f47319bd19a110c960c498af32df72c0af
  VisualEffectView: 42c25f5a3c643d7c3021a3e50dac9946642225d7

PODFILE CHECKSUM: c1d3907509faa7f064164fe066deadd123868b82

COCOAPODS: 1.5.3
